
Microsoft Visual Studio Solution File, Format Version 12.00
# Visual Studio Version 17
VisualStudioVersion = 17.3.32922.545
MinimumVisualStudioVersion = 10.0.40219.1
Project("{FAE04EC0-301F-11D3-BF4B-00C04F79EFBC}") = "DroneSquad", "DroneSquad.csproj", "{E5BDBF36-305C-4F19-8264-F33097938B70}"
EndProject
Global
	GlobalSection(SolutionConfigurationPlatforms) = preSolution
		Debug|Any CPU = Debug|Any CPU
		Release|Any CPU = Release|Any CPU
	EndGlobalSection
	GlobalSection(ProjectConfigurationPlatforms) = postSolution
		{E5BDBF36-305C-4F19-8264-F33097938B70}.Debug|Any CPU.ActiveCfg = Debug|Any CPU
		{E5BDBF36-305C-4F19-8264-F33097938B70}.Debug|Any CPU.Build.0 = Debug|Any CPU
		{E5BDBF36-305C-4F19-8264-F33097938B70}.Release|Any CPU.ActiveCfg = Release|Any CPU
		{E5BDBF36-305C-4F19-8264-F33097938B70}.Release|Any CPU.Build.0 = Release|Any CPU
	EndGlobalSection
	GlobalSection(SolutionProperties) = preSolution
		HideSolutionNode = FALSE
	EndGlobalSection
	GlobalSection(ExtensibilityGlobals) = postSolution
		SolutionGuid = {EE3A4690-B89B-49B7-9121-B7A9EB08B254}
	EndGlobalSection
EndGlobal
